
Microsoft Visual Studio Solution File, Format Version 12.00
# Visual Studio Version 17
VisualStudioVersion = 17.9.34902.65
MinimumVisualStudioVersion = 10.0.40219.1
Project("{FAE04EC0-301F-11D3-BF4B-00C04F79EFBC}") = "DayStory.Application", "DayStory.Application\DayStory.Application.csproj", "{4DA752E0-4C98-4F20-8AA2-0C6FF2BE9E73}"
EndProject
Project("{FAE04EC0-301F-11D3-BF4B-00C04F79EFBC}") = "DayStory.Domain", "DayStory.Domain\DayStory.Domain.csproj", "{771DD0DA-0999-4159-9A6E-2927102AE74A}"
EndProject
Project("{FAE04EC0-301F-11D3-BF4B-00C04F79EFBC}") = "DayStory.Infrastructure", "DayStory.Infrastructure\DayStory.Infrastructure.csproj", "{BC8B92AE-BCC1-4AAD-B207-B9289F870B3B}"
EndProject
Project("{FAE04EC0-301F-11D3-BF4B-00C04F79EFBC}") = "DayStory.WebAPI", "DayStory.WebAPI\DayStory.WebAPI.csproj", "{2EC6FE25-CC48-40FB-8D45-6A8639502A12}"
EndProject
Global
	GlobalSection(SolutionConfigurationPlatforms) = preSolution
		Debug|Any CPU = Debug|Any CPU
		Release|Any CPU = Release|Any CPU
	EndGlobalSection
	GlobalSection(ProjectConfigurationPlatforms) = postSolution
		{4DA752E0-4C98-4F20-8AA2-0C6FF2BE9E73}.Debug|Any CPU.ActiveCfg = Debug|Any CPU
		{4DA752E0-4C98-4F20-8AA2-0C6FF2BE9E73}.Debug|Any CPU.Build.0 = Debug|Any CPU
		{4DA752E0-4C98-4F20-8AA2-0C6FF2BE9E73}.Release|Any CPU.ActiveCfg = Release|Any CPU
		{4DA752E0-4C98-4F20-8AA2-0C6FF2BE9E73}.Release|Any CPU.Build.0 = Release|Any CPU
		{771DD0DA-0999-4159-9A6E-2927102AE74A}.Debug|Any CPU.ActiveCfg = Debug|Any CPU
		{771DD0DA-0999-4159-9A6E-2927102AE74A}.Debug|Any CPU.Build.0 = Debug|Any CPU
		{771DD0DA-0999-4159-9A6E-2927102AE74A}.Release|Any CPU.ActiveCfg = Release|Any CPU
		{771DD0DA-0999-4159-9A6E-2927102AE74A}.Release|Any CPU.Build.0 = Release|Any CPU
		{BC8B92AE-BCC1-4AAD-B207-B9289F870B3B}.Debug|Any CPU.ActiveCfg = Debug|Any CPU
		{BC8B92AE-BCC1-4AAD-B207-B9289F870B3B}.Debug|Any CPU.Build.0 = Debug|Any CPU
		{BC8B92AE-BCC1-4AAD-B207-B9289F870B3B}.Release|Any CPU.ActiveCfg = Release|Any CPU
		{BC8B92AE-BCC1-4AAD-B207-B9289F870B3B}.Release|Any CPU.Build.0 = Release|Any CPU
		{2EC6FE25-CC48-40FB-8D45-6A8639502A12}.Debug|Any CPU.ActiveCfg = Debug|Any CPU
		{2EC6FE25-CC48-40FB-8D45-6A8639502A12}.Debug|Any CPU.Build.0 = Debug|Any CPU
		{2EC6FE25-CC48-40FB-8D45-6A8639502A12}.Release|Any CPU.ActiveCfg = Release|Any CPU
		{2EC6FE25-CC48-40FB-8D45-6A8639502A12}.Release|Any CPU.Build.0 = Release|Any CPU
	EndGlobalSection
	GlobalSection(SolutionProperties) = preSolution
		HideSolutionNode = FALSE
	EndGlobalSection
	GlobalSection(ExtensibilityGlobals) = postSolution
		SolutionGuid = {E38EE96D-809C-459D-8EAD-887CFDA1C68F}
	EndGlobalSection
EndGlobal
